
Microsoft Visual Studio Solution File, Format Version 12.00
# Visual Studio Version 16
VisualStudioVersion = 16.0.31424.327
MinimumVisualStudioVersion = 10.0.40219.1
Project("{FAE04EC0-301F-11D3-BF4B-00C04F79EFBC}") = "Linq", "Linq\Linq.csproj", "{27EF2A29-9298-476C-9DB8-89FE9C845EDB}"
EndProject
Global
	GlobalSection(SolutionConfigurationPlatforms) = preSolution
		Debug|Any CPU = Debug|Any CPU
		Release|Any CPU = Release|Any CPU
	EndGlobalSection
	GlobalSection(ProjectConfigurationPlatforms) = postSolution
		{27EF2A29-9298-476C-9DB8-89FE9C845EDB}.Debug|Any CPU.ActiveCfg = Debug|Any CPU
		{27EF2A29-9298-476C-9DB8-89FE9C845EDB}.Debug|Any CPU.Build.0 = Debug|Any CPU
		{27EF2A29-9298-476C-9DB8-89FE9C845EDB}.Release|Any CPU.ActiveCfg = Release|Any CPU
		{27EF2A29-9298-476C-9DB8-89FE9C845EDB}.Release|Any CPU.Build.0 = Release|Any CPU
	EndGlobalSection
	GlobalSection(SolutionProperties) = preSolution
		HideSolutionNode = FALSE
	EndGlobalSection
	GlobalSection(ExtensibilityGlobals) = postSolution
		SolutionGuid = {03B1BD89-5C1E-4974-92E1-A0EEC353D30D}
	EndGlobalSection
EndGlobal
